
Microsoft Visual Studio Solution File, Format Version 12.00
# Visual Studio Version 17
VisualStudioVersion = 17.9.34714.143
MinimumVisualStudioVersion = 10.0.40219.1
Project("{FAE04EC0-301F-11D3-BF4B-00C04F79EFBC}") = "Reddit.Api", "Reddit.Api.csproj", "{A65187DC-C783-4F03-978D-7ED6B8686301}"
EndProject
Project("{FAE04EC0-301F-11D3-BF4B-00C04F79EFBC}") = "Services", "..\Services\Services.csproj", "{3E4F52AE-16BA-489E-879A-42FDA5313AD9}"
EndProject
Global
	GlobalSection(SolutionConfigurationPlatforms) = preSolution
		Debug|Any CPU = Debug|Any CPU
		Release|Any CPU = Release|Any CPU
	EndGlobalSection
	GlobalSection(ProjectConfigurationPlatforms) = postSolution
		{A65187DC-C783-4F03-978D-7ED6B8686301}.Debug|Any CPU.ActiveCfg = Debug|Any CPU
		{A65187DC-C783-4F03-978D-7ED6B8686301}.Debug|Any CPU.Build.0 = Debug|Any CPU
		{A65187DC-C783-4F03-978D-7ED6B8686301}.Release|Any CPU.ActiveCfg = Release|Any CPU
		{A65187DC-C783-4F03-978D-7ED6B8686301}.Release|Any CPU.Build.0 = Release|Any CPU
		{3E4F52AE-16BA-489E-879A-42FDA5313AD9}.Debug|Any CPU.ActiveCfg = Debug|Any CPU
		{3E4F52AE-16BA-489E-879A-42FDA5313AD9}.Debug|Any CPU.Build.0 = Debug|Any CPU
		{3E4F52AE-16BA-489E-879A-42FDA5313AD9}.Release|Any CPU.ActiveCfg = Release|Any CPU
		{3E4F52AE-16BA-489E-879A-42FDA5313AD9}.Release|Any CPU.Build.0 = Release|Any CPU
	EndGlobalSection
	GlobalSection(SolutionProperties) = preSolution
		HideSolutionNode = FALSE
	EndGlobalSection
	GlobalSection(ExtensibilityGlobals) = postSolution
		SolutionGuid = {1B11A42F-5CA8-4F0F-896C-21420BFBB72F}
	EndGlobalSection
EndGlobal
